
Microsoft Visual Studio Solution File, Format Version 12.00
# Visual Studio Version 17
VisualStudioVersion = 17.8.34330.188
MinimumVisualStudioVersion = 10.0.40219.1
Project("{FAE04EC0-301F-11D3-BF4B-00C04F79EFBC}") = "CrudMicroProject", "CrudMicroProject.csproj", "{DB7C48AA-21EA-49DB-8B07-6DEFC3F6A458}"
EndProject
Global
	GlobalSection(SolutionConfigurationPlatforms) = preSolution
		Debug|Any CPU = Debug|Any CPU
		Release|Any CPU = Release|Any CPU
	EndGlobalSection
	GlobalSection(ProjectConfigurationPlatforms) = postSolution
		{DB7C48AA-21EA-49DB-8B07-6DEFC3F6A458}.Debug|Any CPU.ActiveCfg = Debug|Any CPU
		{DB7C48AA-21EA-49DB-8B07-6DEFC3F6A458}.Debug|Any CPU.Build.0 = Debug|Any CPU
		{DB7C48AA-21EA-49DB-8B07-6DEFC3F6A458}.Release|Any CPU.ActiveCfg = Release|Any CPU
		{DB7C48AA-21EA-49DB-8B07-6DEFC3F6A458}.Release|Any CPU.Build.0 = Release|Any CPU
	EndGlobalSection
	GlobalSection(SolutionProperties) = preSolution
		HideSolutionNode = FALSE
	EndGlobalSection
	GlobalSection(ExtensibilityGlobals) = postSolution
		SolutionGuid = {3898F89C-4B55-4611-BBFC-894181B2CF98}
	EndGlobalSection
EndGlobal
